// !$*UTF8*$!
{
	archiveVersion = 1;
	classes = {
	};
	objectVersion = 50;
	objects = {

/* Begin PBXBuildFile section */
		6BD70BB62161516700FF3FAB /* AppDelegate.swift in Sources */ = {isa = PBXBuildFile; fileRef = 6BD70BB52161516700FF3FAB /* AppDelegate.swift */; };
		6BD70BB82161516700FF3FAB /* ViewController.swift in Sources */ = {isa = PBXBuildFile; fileRef = 6BD70BB72161516700FF3FAB /* ViewController.swift */; };
		6BD70BBB2161516700FF3FAB /* Main.storyboard in Resources */ = {isa = PBXBuildFile; fileRef = 6BD70BB92161516700FF3FAB /* Main.storyboard */; };
		6BD70BBD2161516800FF3FAB /* Assets.xcassets in Resources */ = {isa = PBXBuildFile; fileRef = 6BD70BBC2161516800FF3FAB /* Assets.xcassets */; };
		6BD70BC02161516800FF3FAB /* LaunchScreen.storyboard in Resources */ = {isa = PBXBuildFile; fileRef = 6BD70BBE2161516800FF3FAB /* LaunchScreen.storyboard */; };
		6BD70BCB2161516800FF3FAB /* WeatherAppTests.swift in Sources */ = {isa = PBXBuildFile; fileRef = 6BD70BCA2161516800FF3FAB /* WeatherAppTests.swift */; };
		6BD70BD62161516800FF3FAB /* WeatherAppUITests.swift in Sources */ = {isa = PBXBuildFile; fileRef = 6BD70BD52161516800FF3FAB /* WeatherAppUITests.swift */; };
		6BD70BFF2161651E00FF3FAB /* WeatherModel.swift in Sources */ = {isa = PBXBuildFile; fileRef = 6BD70BFE2161651E00FF3FAB /* WeatherModel.swift */; };
		6BE7648B21617B7A006924E0 /* Alamofire.framework in Frameworks */ = {isa = PBXBuildFile; fileRef = 6BD70BEF2161608E00FF3FAB /* Alamofire.framework */; };
		6BE7648E21617E33006924E0 /* Alamofire.framework in CopyFiles */ = {isa = PBXBuildFile; fileRef = 6BD70BEF2161608E00FF3FAB /* Alamofire.framework */; settings = {ATTRIBUTES = (CodeSignOnCopy, RemoveHeadersOnCopy, ); }; };
/* End PBXBuildFile section */

/* Begin PBXContainerItemProxy section */
		6BD70BC72161516800FF3FAB /* PBXContainerItemProxy */ = {
			isa = PBXContainerItemProxy;
			containerPortal = 6BD70BAA2161516600FF3FAB /* Project object */;
			proxyType = 1;
			remoteGlobalIDString = 6BD70BB12161516600FF3FAB;
			remoteInfo = WeatherApp;
		};
		6BD70BD22161516800FF3FAB /* PBXContainerItemProxy */ = {
			isa = PBXContainerItemProxy;
			containerPortal = 6BD70BAA2161516600FF3FAB /* Project object */;
			proxyType = 1;
			remoteGlobalIDString = 6BD70BB12161516600FF3FAB;
			remoteInfo = WeatherApp;
		};
		6BD70BEE2161608E00FF3FAB /* PBXContainerItemProxy */ = {
			isa = PBXContainerItemProxy;
			containerPortal = 6BD70BE32161608E00FF3FAB /* Alamofire.xcodeproj */;
			proxyType = 2;
			remoteGlobalIDString = F8111E3319A95C8B0040E7D1;
			remoteInfo = "Alamofire iOS";
		};
		6BD70BF02161608E00FF3FAB /* PBXContainerItemProxy */ = {
			isa = PBXContainerItemProxy;
			containerPortal = 6BD70BE32161608E00FF3FAB /* Alamofire.xcodeproj */;
			proxyType = 2;
			remoteGlobalIDString = F8111E3E19A95C8B0040E7D1;
			remoteInfo = "Alamofire iOS Tests";
		};
		6BD70BF22161608E00FF3FAB /* PBXContainerItemProxy */ = {
			isa = PBXContainerItemProxy;
			containerPortal = 6BD70BE32161608E00FF3FAB /* Alamofire.xcodeproj */;
			proxyType = 2;
			remoteGlobalIDString = 4DD67C0B1A5C55C900ED2280;
			remoteInfo = "Alamofire macOS";
		};
		6BD70BF42161608E00FF3FAB /* PBXContainerItemProxy */ = {
			isa = PBXContainerItemProxy;
			containerPortal = 6BD70BE32161608E00FF3FAB /* Alamofire.xcodeproj */;
			proxyType = 2;
			remoteGlobalIDString = F829C6B21A7A94F100A2CD59;
			remoteInfo = "Alamofire macOS Tests";
		};
		6BD70BF62161608E00FF3FAB /* PBXContainerItemProxy */ = {
			isa = PBXContainerItemProxy;
			containerPortal = 6BD70BE32161608E00FF3FAB /* Alamofire.xcodeproj */;
			proxyType = 2;
			remoteGlobalIDString = 4CF626EF1BA7CB3E0011A099;
			remoteInfo = "Alamofire tvOS";
		};
		6BD70BF82161608E00FF3FAB /* PBXContainerItemProxy */ = {
			isa = PBXContainerItemProxy;
			containerPortal = 6BD70BE32161608E00FF3FAB /* Alamofire.xcodeproj */;
			proxyType = 2;
			remoteGlobalIDString = 4CF626F81BA7CB3E0011A099;
			remoteInfo = "Alamofire tvOS Tests";
		};
		6BD70BFA2161608E00FF3FAB /* PBXContainerItemProxy */ = {
			isa = PBXContainerItemProxy;
			containerPortal = 6BD70BE32161608E00FF3FAB /* Alamofire.xcodeproj */;
			proxyType = 2;
			remoteGlobalIDString = E4202FE01B667AA100C997FB;
			remoteInfo = "Alamofire watchOS";
		};
		6BE7648821617B5C006924E0 /* PBXContainerItemProxy */ = {
			isa = PBXContainerItemProxy;
			containerPortal = 6BD70BE32161608E00FF3FAB /* Alamofire.xcodeproj */;
			proxyType = 1;
			remoteGlobalIDString = F8111E3219A95C8B0040E7D1;
			remoteInfo = "Alamofire iOS";
		};
/* End PBXContainerItemProxy section */

/* Begin PBXCopyFilesBuildPhase section */
		6BE7648D21617E25006924E0 /* CopyFiles */ = {
			isa = PBXCopyFilesBuildPhase;
			buildActionMask = 2147483647;
			dstPath = "";
			dstSubfolderSpec = 10;
			files = (
				6BE7648E21617E33006924E0 /* Alamofire.framework in CopyFiles */,
			);
			runOnlyForDeploymentPostprocessing = 0;
		};
/* End PBXCopyFilesBuildPhase section */

/* Begin PBXFileReference section */
		6BD70BB22161516700FF3FAB /* WeatherApp.app */ = {isa = PBXFileReference; explicitFileType = wrapper.application; includeInIndex = 0; path = WeatherApp.app; sourceTree = BUILT_PRODUCTS_DIR; };
		6BD70BB52161516700FF3FAB /* AppDelegate.swift */ = {isa = PBXFileReference; lastKnownFileType = sourcecode.swift; path = AppDelegate.swift; sourceTree = "<group>"; };
		6BD70BB72161516700FF3FAB /* ViewController.swift */ = {isa = PBXFileReference; lastKnownFileType = sourcecode.swift; path = ViewController.swift; sourceTree = "<group>"; };
		6BD70BBA2161516700FF3FAB /* Base */ = {isa = PBXFileReference; lastKnownFileType = file.storyboard; name = Base; path = Base.lproj/Main.storyboard; sourceTree = "<group>"; };
		6BD70BBC2161516800FF3FAB /* Assets.xcassets */ = {isa = PBXFileReference; lastKnownFileType = folder.assetcatalog; path = Assets.xcassets; sourceTree = "<group>"; };
		6BD70BBF2161516800FF3FAB /* Base */ = {isa = PBXFileReference; lastKnownFileType = file.storyboard; name = Base; path = Base.lproj/LaunchScreen.storyboard; sourceTree = "<group>"; };
		6BD70BC12161516800FF3FAB /* Info.plist */ = {isa = PBXFileReference; lastKnownFileType = text.plist.xml; path = Info.plist; sourceTree = "<group>"; };
		6BD70BC62161516800FF3FAB /* WeatherAppTests.xctest */ = {isa = PBXFileReference; explicitFileType = wrapper.cfbundle; includeInIndex = 0; path = WeatherAppTests.xctest; sourceTree = BUILT_PRODUCTS_DIR; };
		6BD70BCA2161516800FF3FAB /* WeatherAppTests.swift */ = {isa = PBXFileReference; lastKnownFileType = sourcecode.swift; path = WeatherAppTests.swift; sourceTree = "<group>"; };
		6BD70BCC2161516800FF3FAB /* Info.plist */ = {isa = PBXFileReference; lastKnownFileType = text.plist.xml; path = Info.plist; sourceTree = "<group>"; };
		6BD70BD12161516800FF3FAB /* WeatherAppUITests.xctest */ = {isa = PBXFileReference; explicitFileType = wrapper.cfbundle; includeInIndex = 0; path = WeatherAppUITests.xctest; sourceTree = BUILT_PRODUCTS_DIR; };
		6BD70BD52161516800FF3FAB /* WeatherAppUITests.swift */ = {isa = PBXFileReference; lastKnownFileType = sourcecode.swift; path = WeatherAppUITests.swift; sourceTree = "<group>"; };
		6BD70BD72161516800FF3FAB /* Info.plist */ = {isa = PBXFileReference; lastKnownFileType = text.plist.xml; path = Info.plist; sourceTree = "<group>"; };
		6BD70BE32161608E00FF3FAB /* Alamofire.xcodeproj */ = {isa = PBXFileReference; lastKnownFileType = "wrapper.pb-project"; name = Alamofire.xcodeproj; path = Alamofire/Alamofire.xcodeproj; sourceTree = SOURCE_ROOT; };
		6BD70BFE2161651E00FF3FAB /* WeatherModel.swift */ = {isa = PBXFileReference; lastKnownFileType = sourcecode.swift; path = WeatherModel.swift; sourceTree = "<group>"; };
/* End PBXFileReference section */

/* Begin PBXFrameworksBuildPhase section */
		6BD70BAF2161516600FF3FAB /* Frameworks */ = {
			isa = PBXFrameworksBuildPhase;
			buildActionMask = 2147483647;
			files = (
				6BE7648B21617B7A006924E0 /* Alamofire.framework in Frameworks */,
			);
			runOnlyForDeploymentPostprocessing = 0;
		};
		6BD70BC32161516800FF3FAB /* Frameworks */ = {
			isa = PBXFrameworksBuildPhase;
			buildActionMask = 2147483647;
			files = (
			);
			runOnlyForDeploymentPostprocessing = 0;
		};
		6BD70BCE2161516800FF3FAB /* Frameworks */ = {
			isa = PBXFrameworksBuildPhase;
			buildActionMask = 2147483647;
			files = (
			);
			runOnlyForDeploymentPostprocessing = 0;
		};
/* End PBXFrameworksBuildPhase section */

/* Begin PBXGroup section */
		6BD70BA92161516600FF3FAB = {
			isa = PBXGroup;
			children = (
				6BD70BB42161516700FF3FAB /* WeatherApp */,
				6BD70BC92161516800FF3FAB /* WeatherAppTests */,
				6BD70BD42161516800FF3FAB /* WeatherAppUITests */,
				6BD70BB32161516700FF3FAB /* Products */,
				6BE7648A21617B7A006924E0 /* Frameworks */,
			);
			sourceTree = "<group>";
		};
		6BD70BB32161516700FF3FAB /* Products */ = {
			isa = PBXGroup;
			children = (
				6BD70BB22161516700FF3FAB /* WeatherApp.app */,
				6BD70BC62161516800FF3FAB /* WeatherAppTests.xctest */,
				6BD70BD12161516800FF3FAB /* WeatherAppUITests.xctest */,
			);
			name = Products;
			sourceTree = "<group>";
		};
		6BD70BB42161516700FF3FAB /* WeatherApp */ = {
			isa = PBXGroup;
			children = (
				6BD70BE32161608E00FF3FAB /* Alamofire.xcodeproj */,
				6BD70BB52161516700FF3FAB /* AppDelegate.swift */,
				6BD70BB72161516700FF3FAB /* ViewController.swift */,
				6BD70BFE2161651E00FF3FAB /* WeatherModel.swift */,
				6BD70BB92161516700FF3FAB /* Main.storyboard */,
				6BD70BBE2161516800FF3FAB /* LaunchScreen.storyboard */,
				6BD70BBC2161516800FF3FAB /* Assets.xcassets */,
				6BD70BC12161516800FF3FAB /* Info.plist */,
			);
			path = WeatherApp;
			sourceTree = "<group>";
		};
		6BD70BC92161516800FF3FAB /* WeatherAppTests */ = {
			isa = PBXGroup;
			children = (
				6BD70BCA2161516800FF3FAB /* WeatherAppTests.swift */,
				6BD70BCC2161516800FF3FAB /* Info.plist */,
			);
			path = WeatherAppTests;
			sourceTree = "<group>";
		};
		6BD70BD42161516800FF3FAB /* WeatherAppUITests */ = {
			isa = PBXGroup;
			children = (
				6BD70BD52161516800FF3FAB /* WeatherAppUITests.swift */,
				6BD70BD72161516800FF3FAB /* Info.plist */,
			);
			path = WeatherAppUITests;
			sourceTree = "<group>";
		};
		6BD70BE42161608E00FF3FAB /* Products */ = {
			isa = PBXGroup;
			children = (
				6BD70BEF2161608E00FF3FAB /* Alamofire.framework */,
				6BD70BF12161608E00FF3FAB /* Alamofire iOS Tests.xctest */,
				6BD70BF32161608E00FF3FAB /* Alamofire.framework */,
				6BD70BF52161608E00FF3FAB /* Alamofire macOS Tests.xctest */,
				6BD70BF72161608E00FF3FAB /* Alamofire.framework */,
				6BD70BF92161608E00FF3FAB /* Alamofire tvOS Tests.xctest */,
				6BD70BFB2161608E00FF3FAB /* Alamofire.framework */,
			);
			name = Products;
			sourceTree = "<group>";
		};
		6BE7648A21617B7A006924E0 /* Frameworks */ = {
			isa = PBXGroup;
			children = (
			);
			name = Frameworks;
			sourceTree = "<group>";
		};
/* End PBXGroup section */

/* Begin PBXNativeTarget section */
		6BD70BB12161516600FF3FAB /* WeatherApp */ = {
			isa = PBXNativeTarget;
			buildConfigurationList = 6BD70BDA2161516800FF3FAB /* Build configuration list for PBXNativeTarget "WeatherApp" */;
			buildPhases = (
				6BD70BAE2161516600FF3FAB /* Sources */,
				6BD70BAF2161516600FF3FAB /* Frameworks */,
				6BD70BB02161516600FF3FAB /* Resources */,
				6BE7648D21617E25006924E0 /* CopyFiles */,
			);
			buildRules = (
			);
			dependencies = (
				6BE7648921617B5C006924E0 /* PBXTargetDependency */,
			);
			name = WeatherApp;
			productName = WeatherApp;
			productReference = 6BD70BB22161516700FF3FAB /* WeatherApp.app */;
			productType = "com.apple.product-type.application";
		};
		6BD70BC52161516800FF3FAB /* WeatherAppTests */ = {
			isa = PBXNativeTarget;
			buildConfigurationList = 6BD70BDD2161516800FF3FAB /* Build configuration list for PBXNativeTarget "WeatherAppTests" */;
			buildPhases = (
				6BD70BC22161516800FF3FAB /* Sources */,
				6BD70BC32161516800FF3FAB /* Frameworks */,
				6BD70BC42161516800FF3FAB /* Resources */,
			);
			buildRules = (
			);
			dependencies = (
				6BD70BC82161516800FF3FAB /* PBXTargetDependency */,
			);
			name = WeatherAppTests;
			productName = WeatherAppTests;
			productReference = 6BD70BC62161516800FF3FAB /* WeatherAppTests.xctest */;
			productType = "com.apple.product-type.bundle.unit-test";
		};
		6BD70BD02161516800FF3FAB /* WeatherAppUITests */ = {
			isa = PBXNativeTarget;
			buildConfigurationList = 6BD70BE02161516800FF3FAB /* Build configuration list for PBXNativeTarget "WeatherAppUITests" */;
			buildPhases = (
				6BD70BCD2161516800FF3FAB /* Sources */,
				6BD70BCE2161516800FF3FAB /* Frameworks */,
				6BD70BCF2161516800FF3FAB /* Resources */,
			);
			buildRules = (
			);
			dependencies = (
				6BD70BD32161516800FF3FAB /* PBXTargetDependency */,
			);
			name = WeatherAppUITests;
			productName = WeatherAppUITests;
			productReference = 6BD70BD12161516800FF3FAB /* WeatherAppUITests.xctest */;
			productType = "com.apple.product-type.bundle.ui-testing";
		};
/* End PBXNativeTarget section */

/* Begin PBXProject section */
		6BD70BAA2161516600FF3FAB /* Project object */ = {
			isa = PBXProject;
			attributes = {
				LastSwiftUpdateCheck = 0940;
				LastUpgradeCheck = 0940;
				ORGANIZATIONNAME = sample;
				TargetAttributes = {
					6BD70BB12161516600FF3FAB = {
						CreatedOnToolsVersion = 9.4.1;
						SystemCapabilities = {
							com.apple.BackgroundModes = {
								enabled = 0;
							};
						};
					};
					6BD70BC52161516800FF3FAB = {
						CreatedOnToolsVersion = 9.4.1;
						TestTargetID = 6BD70BB12161516600FF3FAB;
					};
					6BD70BD02161516800FF3FAB = {
						CreatedOnToolsVersion = 9.4.1;
						TestTargetID = 6BD70BB12161516600FF3FAB;
					};
				};
			};
			buildConfigurationList = 6BD70BAD2161516600FF3FAB /* Build configuration list for PBXProject "WeatherApp" */;
			compatibilityVersion = "Xcode 9.3";
			developmentRegion = en;
			hasScannedForEncodings = 0;
			knownRegions = (
				Base,
			);
			mainGroup = 6BD70BA92161516600FF3FAB;
			productRefGroup = 6BD70BB32161516700FF3FAB /* Products */;
			projectDirPath = "";
			projectReferences = (
				{
					ProductGroup = 6BD70BE42161608E00FF3FAB /* Products */;
					ProjectRef = 6BD70BE32161608E00FF3FAB /* Alamofire.xcodeproj */;
				},
			);
			projectRoot = "";
			targets = (
				6BD70BB12161516600FF3FAB /* WeatherApp */,
				6BD70BC52161516800FF3FAB /* WeatherAppTests */,
				6BD70BD02161516800FF3FAB /* WeatherAppUITests */,
			);
		};
/* End PBXProject section */

/* Begin PBXReferenceProxy section */
		6BD70BEF2161608E00FF3FAB /* Alamofire.framework */ = {
			isa = PBXReferenceProxy;
			fileType = wrapper.framework;
			path = Alamofire.framework;
			remoteRef = 6BD70BEE2161608E00FF3FAB /* PBXContainerItemProxy */;
			sourceTree = BUILT_PRODUCTS_DIR;
		};
		6BD70BF12161608E00FF3FAB /* Alamofire iOS Tests.xctest */ = {
			isa = PBXReferenceProxy;
			fileType = wrapper.cfbundle;
			path = "Alamofire iOS Tests.xctest";
			remoteRef = 6BD70BF02161608E00FF3FAB /* PBXContainerItemProxy */;
			sourceTree = BUILT_PRODUCTS_DIR;
		};
		6BD70BF32161608E00FF3FAB /* Alamofire.framework */ = {
			isa = PBXReferenceProxy;
			fileType = wrapper.framework;
			path = Alamofire.framework;
			remoteRef = 6BD70BF22161608E00FF3FAB /* PBXContainerItemProxy */;
			sourceTree = BUILT_PRODUCTS_DIR;
		};
		6BD70BF52161608E00FF3FAB /* Alamofire macOS Tests.xctest */ = {
			isa = PBXReferenceProxy;
			fileType = wrapper.cfbundle;
			path = "Alamofire macOS Tests.xctest";
			remoteRef = 6BD70BF42161608E00FF3FAB /* PBXContainerItemProxy */;
			sourceTree = BUILT_PRODUCTS_DIR;
		};
		6BD70BF72161608E00FF3FAB /* Alamofire.framework */ = {
			isa = PBXReferenceProxy;
			fileType = wrapper.framework;
			path = Alamofire.framework;
			remoteRef = 6BD70BF62161608E00FF3FAB /* PBXContainerItemProxy */;
			sourceTree = BUILT_PRODUCTS_DIR;
		};
		6BD70BF92161608E00FF3FAB /* Alamofire tvOS Tests.xctest */ = {
			isa = PBXReferenceProxy;
			fileType = wrapper.cfbundle;
			path = "Alamofire tvOS Tests.xctest";
			remoteRef = 6BD70BF82161608E00FF3FAB /* PBXContainerItemProxy */;
			sourceTree = BUILT_PRODUCTS_DIR;
		};
		6BD70BFB2161608E00FF3FAB /* Alamofire.framework */ = {
			isa = PBXReferenceProxy;
			fileType = wrapper.framework;
			path = Alamofire.framework;
			remoteRef = 6BD70BFA2161608E00FF3FAB /* PBXContainerItemProxy */;
			sourceTree = BUILT_PRODUCTS_DIR;
		};
/* End PBXReferenceProxy section */

/* Begin PBXResourcesBuildPhase section */
		6BD70BB02161516600FF3FAB /* Resources */ = {
			isa = PBXResourcesBuildPhase;
			buildActionMask = 2147483647;
			files = (
				6BD70BC02161516800FF3FAB /* LaunchScreen.storyboard in Resources */,
				6BD70BBD2161516800FF3FAB /* Assets.xcassets in Resources */,
				6BD70BBB2161516700FF3FAB /* Main.storyboard in Resources */,
			);
			runOnlyForDeploymentPostprocessing = 0;
		};
		6BD70BC42161516800FF3FAB /* Resources */ = {
			isa = PBXResourcesBuildPhase;
			buildActionMask = 2147483647;
			files = (
			);
			runOnlyForDeploymentPostprocessing = 0;
		};
		6BD70BCF2161516800FF3FAB /* Resources */ = {
			isa = PBXResourcesBuildPhase;
			buildActionMask = 2147483647;
			files = (
			);
			runOnlyForDeploymentPostprocessing = 0;
		};
/* End PBXResourcesBuildPhase section */

/* Begin PBXSourcesBuildPhase section */
		6BD70BAE2161516600FF3FAB /* Sources */ = {
			isa = PBXSourcesBuildPhase;
			buildActionMask = 2147483647;
			files = (
				6BD70BB82161516700FF3FAB /* ViewController.swift in Sources */,
				6BD70BFF2161651E00FF3FAB /* WeatherModel.swift in Sources */,
				6BD70BB62161516700FF3FAB /* AppDelegate.swift in Sources */,
			);
			runOnlyForDeploymentPostprocessing = 0;
		};
		6BD70BC22161516800FF3FAB /* Sources */ = {
			isa = PBXSourcesBuildPhase;
			buildActionMask = 2147483647;
			files = (
				6BD70BCB2161516800FF3FAB /* WeatherAppTests.swift in Sources */,
			);
			runOnlyForDeploymentPostprocessing = 0;
		};
		6BD70BCD2161516800FF3FAB /* Sources */ = {
			isa = PBXSourcesBuildPhase;
			buildActionMask = 2147483647;
			files = (
				6BD70BD62161516800FF3FAB /* WeatherAppUITests.swift in Sources */,
			);
			runOnlyForDeploymentPostprocessing = 0;
		};
/* End PBXSourcesBuildPhase section */

/* Begin PBXTargetDependency section */
		6BD70BC82161516800FF3FAB /* PBXTargetDependency */ = {
			isa = PBXTargetDependency;
			target = 6BD70BB12161516600FF3FAB /* WeatherApp */;
			targetProxy = 6BD70BC72161516800FF3FAB /* PBXContainerItemProxy */;
		};
		6BD70BD32161516800FF3FAB /* PBXTargetDependency */ = {
			isa = PBXTargetDependency;
			target = 6BD70BB12161516600FF3FAB /* WeatherApp */;
			targetProxy = 6BD70BD22161516800FF3FAB /* PBXContainerItemProxy */;
		};
		6BE7648921617B5C006924E0 /* PBXTargetDependency */ = {
			isa = PBXTargetDependency;
			name = "Alamofire iOS";
			targetProxy = 6BE7648821617B5C006924E0 /* PBXContainerItemProxy */;
		};
/* End PBXTargetDependency section */

/* Begin PBXVariantGroup section */
		6BD70BB92161516700FF3FAB /* Main.storyboard */ = {
			isa = PBXVariantGroup;
			children = (
				6BD70BBA2161516700FF3FAB /* Base */,
			);
			name = Main.storyboard;
			sourceTree = "<group>";
		};
		6BD70BBE2161516800FF3FAB /* LaunchScreen.storyboard */ = {
			isa = PBXVariantGroup;
			children = (
				6BD70BBF2161516800FF3FAB /* Base */,
			);
			name = LaunchScreen.storyboard;
			sourceTree = "<group>";
		};
/* End PBXVariantGroup section */

/* Begin XCBuildConfiguration section */
		6BD70BD82161516800FF3FAB /* Debug */ = {
			isa = XCBuildConfiguration;
			buildSettings = {
				ALWAYS_SEARCH_USER_PATHS = NO;
				CLANG_ANALYZER_NONNULL = YES;
				CLANG_ANALYZER_NUMBER_OBJECT_CONVERSION = YES_AGGRESSIVE;
				CLANG_CXX_LANGUAGE_STANDARD = "gnu++14";
				CLANG_CXX_LIBRARY = "libc++";
				CLANG_ENABLE_MODULES = YES;
				CLANG_ENABLE_OBJC_ARC = YES;
				CLANG_ENABLE_OBJC_WEAK = YES;
				CLANG_WARN_BLOCK_CAPTURE_AUTORELEASING = YES;
				CLANG_WARN_BOOL_CONVERSION = YES;
				CLANG_WARN_COMMA = YES;
				CLANG_WARN_CONSTANT_CONVERSION = YES;
				CLANG_WARN_DEPRECATED_OBJC_IMPLEMENTATIONS = YES;
				CLANG_WARN_DIRECT_OBJC_ISA_USAGE = YES_ERROR;
				CLANG_WARN_DOCUMENTATION_COMMENTS = YES;
				CLANG_WARN_EMPTY_BODY = YES;
				CLANG_WARN_ENUM_CONVERSION = YES;
				CLANG_WARN_INFINITE_RECURSION = YES;
				CLANG_WARN_INT_CONVERSION = YES;
				CLANG_WARN_NON_LITERAL_NULL_CONVERSION = YES;
				CLANG_WARN_OBJC_IMPLICIT_RETAIN_SELF = YES;
				CLANG_WARN_OBJC_LITERAL_CONVERSION = YES;
				CLANG_WARN_OBJC_ROOT_CLASS = YES_ERROR;
				CLANG_WARN_RANGE_LOOP_ANALYSIS = YES;
				CLANG_WARN_STRICT_PROTOTYPES = YES;
				CLANG_WARN_SUSPICIOUS_MOVE = YES;
				CLANG_WARN_UNGUARDED_AVAILABILITY = YES_AGGRESSIVE;
				CLANG_WARN_UNREACHABLE_CODE = YES;
				CLANG_WARN__DUPLICATE_METHOD_MATCH = YES;
				CODE_SIGN_IDENTITY = "iPhone Developer";
				COPY_PHASE_STRIP = NO;
				DEBUG_INFORMATION_FORMAT = dwarf;
				ENABLE_STRICT_OBJC_MSGSEND = YES;
				ENABLE_TESTABILITY = YES;
				GCC_C_LANGUAGE_STANDARD = gnu11;
				GCC_DYNAMIC_NO_PIC = NO;
				GCC_NO_COMMON_BLOCKS = YES;
				GCC_OPTIMIZATION_LEVEL = 0;
				GCC_PREPROCESSOR_DEFINITIONS = (
					"DEBUG=1",
					"$(inherited)",
				);
				GCC_WARN_64_TO_32_BIT_CONVERSION = YES;
				GCC_WARN_ABOUT_RETURN_TYPE = YES_ERROR;
				GCC_WARN_UNDECLARED_SELECTOR = YES;
				GCC_WARN_UNINITIALIZED_AUTOS = YES_AGGRESSIVE;
				GCC_WARN_UNUSED_FUNCTION = YES;
				GCC_WARN_UNUSED_VARIABLE = YES;
				IPHONEOS_DEPLOYMENT_TARGET = 9.0;
				MTL_ENABLE_DEBUG_INFO = YES;
				ONLY_ACTIVE_ARCH = YES;
				SDKROOT = iphoneos;
				SWIFT_ACTIVE_COMPILATION_CONDITIONS = DEBUG;
				SWIFT_OPTIMIZATION_LEVEL = "-Onone";
			};
			name = Debug;
		};
		6BD70BD92161516800FF3FAB /* Release */ = {
			isa = XCBuildConfiguration;
			buildSettings = {
				ALWAYS_SEARCH_USER_PATHS = NO;
				CLANG_ANALYZER_NONNULL = YES;
				CLANG_ANALYZER_NUMBER_OBJECT_CONVERSION = YES_AGGRESSIVE;
				CLANG_CXX_LANGUAGE_STANDARD = "gnu++14";
				CLANG_CXX_LIBRARY = "libc++";
				CLANG_ENABLE_MODULES = YES;
				CLANG_ENABLE_OBJC_ARC = YES;
				CLANG_ENABLE_OBJC_WEAK = YES;
				CLANG_WARN_BLOCK_CAPTURE_AUTORELEASING = YES;
				CLANG_WARN_BOOL_CONVERSION = YES;
				CLANG_WARN_COMMA = YES;
				CLANG_WARN_CONSTANT_CONVERSION = YES;
				CLANG_WARN_DEPRECATED_OBJC_IMPLEMENTATIONS = YES;
				CLANG_WARN_DIRECT_OBJC_ISA_USAGE = YES_ERROR;
				CLANG_WARN_DOCUMENTATION_COMMENTS = YES;
				CLANG_WARN_EMPTY_BODY = YES;
				CLANG_WARN_ENUM_CONVERSION = YES;
				CLANG_WARN_INFINITE_RECURSION = YES;
				CLANG_WARN_INT_CONVERSION = YES;
				CLANG_WARN_NON_LITERAL_NULL_CONVERSION = YES;
				CLANG_WARN_OBJC_IMPLICIT_RETAIN_SELF = YES;
				CLANG_WARN_OBJC_LITERAL_CONVERSION = YES;
				CLANG_WARN_OBJC_ROOT_CLASS = YES_ERROR;
				CLANG_WARN_RANGE_LOOP_ANALYSIS = YES;
				CLANG_WARN_STRICT_PROTOTYPES = YES;
				CLANG_WARN_SUSPICIOUS_MOVE = YES;
				CLANG_WARN_UNGUARDED_AVAILABILITY = YES_AGGRESSIVE;
				CLANG_WARN_UNREACHABLE_CODE = YES;
				CLANG_WARN__DUPLICATE_METHOD_MATCH = YES;
				CODE_SIGN_IDENTITY = "iPhone Developer";
				COPY_PHASE_STRIP = NO;
				DEBUG_INFORMATION_FORMAT = "dwarf-with-dsym";
				ENABLE_NS_ASSERTIONS = NO;
				ENABLE_STRICT_OBJC_MSGSEND = YES;
				GCC_C_LANGUAGE_STANDARD = gnu11;
				GCC_NO_COMMON_BLOCKS = YES;
				GCC_WARN_64_TO_32_BIT_CONVERSION = YES;
				GCC_WARN_ABOUT_RETURN_TYPE = YES_ERROR;
				GCC_WARN_UNDECLARED_SELECTOR = YES;
				GCC_WARN_UNINITIALIZED_AUTOS = YES_AGGRESSIVE;
				GCC_WARN_UNUSED_FUNCTION = YES;
				GCC_WARN_UNUSED_VARIABLE = YES;
				IPHONEOS_DEPLOYMENT_TARGET = 9.0;
				MTL_ENABLE_DEBUG_INFO = NO;
				SDKROOT = iphoneos;
				SWIFT_COMPILATION_MODE = wholemodule;
				SWIFT_OPTIMIZATION_LEVEL = "-O";
				VALIDATE_PRODUCT = YES;
			};
			name = Release;
		};
		6BD70BDB2161516800FF3FAB /* Debug */ = {
			isa = XCBuildConfiguration;
			buildSettings = {
				ASSETCATALOG_COMPILER_APPICON_NAME = AppIcon;
				CODE_SIGN_STYLE = Automatic;
				DEVELOPMENT_TEAM = 7HU37DJG7U;
				INFOPLIST_FILE = WeatherApp/Info.plist;
				LD_RUNPATH_SEARCH_PATHS = (
					"$(inherited)",
					"@executable_path/Frameworks",
				);
				PRODUCT_BUNDLE_IDENTIFIER = com.sample.WeatherApp;
				PRODUCT_NAME = "$(TARGET_NAME)";
				SWIFT_VERSION = 4.0;
				TARGETED_DEVICE_FAMILY = "1,2";
			};
			name = Debug;
		};
		6BD70BDC2161516800FF3FAB /* Release */ = {
			isa = XCBuildConfiguration;
			buildSettings = {
				ASSETCATALOG_COMPILER_APPICON_NAME = AppIcon;
				CODE_SIGN_STYLE = Automatic;
				DEVELOPMENT_TEAM = 7HU37DJG7U;
				INFOPLIST_FILE = WeatherApp/Info.plist;
				LD_RUNPATH_SEARCH_PATHS = (
					"$(inherited)",
					"@executable_path/Frameworks",
				);
				PRODUCT_BUNDLE_IDENTIFIER = com.sample.WeatherApp;
				PRODUCT_NAME = "$(TARGET_NAME)";
				SWIFT_VERSION = 4.0;
				TARGETED_DEVICE_FAMILY = "1,2";
			};
			name = Release;
		};
		6BD70BDE2161516800FF3FAB /* Debug */ = {
			isa = XCBuildConfiguration;
			buildSettings = {
				ALWAYS_EMBED_SWIFT_STANDARD_LIBRARIES = YES;
				BUNDLE_LOADER = "$(TEST_HOST)";
				CODE_SIGN_STYLE = Automatic;
				INFOPLIST_FILE = WeatherAppTests/Info.plist;
				LD_RUNPATH_SEARCH_PATHS = (
					"$(inherited)",
					"@executable_path/Frameworks",
					"@loader_path/Frameworks",
				);
				PRODUCT_BUNDLE_IDENTIFIER = com.sample.WeatherAppTests;
				PRODUCT_NAME = "$(TARGET_NAME)";
				SWIFT_VERSION = 4.0;
				TARGETED_DEVICE_FAMILY = "1,2";
				TEST_HOST = "$(BUILT_PRODUCTS_DIR)/WeatherApp.app/WeatherApp";
			};
			name = Debug;
		};
		6BD70BDF2161516800FF3FAB /* Release */ = {
			isa = XCBuildConfiguration;
			buildSettings = {
				ALWAYS_EMBED_SWIFT_STANDARD_LIBRARIES = YES;
				BUNDLE_LOADER = "$(TEST_HOST)";
				CODE_SIGN_STYLE = Automatic;
				INFOPLIST_FILE = WeatherAppTests/Info.plist;
				LD_RUNPATH_SEARCH_PATHS = (
					"$(inherited)",
					"@executable_path/Frameworks",
					"@loader_path/Frameworks",
				);
				PRODUCT_BUNDLE_IDENTIFIER = com.sample.WeatherAppTests;
				PRODUCT_NAME = "$(TARGET_NAME)";
				SWIFT_VERSION = 4.0;
				TARGETED_DEVICE_FAMILY = "1,2";
				TEST_HOST = "$(BUILT_PRODUCTS_DIR)/WeatherApp.app/WeatherApp";
			};
			name = Release;
		};
		6BD70BE12161516800FF3FAB /* Debug */ = {
			isa = XCBuildConfiguration;
			buildSettings = {
				ALWAYS_EMBED_SWIFT_STANDARD_LIBRARIES = YES;
				CODE_SIGN_STYLE = Automatic;
				INFOPLIST_FILE = WeatherAppUITests/Info.plist;
				LD_RUNPATH_SEARCH_PATHS = (
					"$(inherited)",
					"@executable_path/Frameworks",
					"@loader_path/Frameworks",
				);
				PRODUCT_BUNDLE_IDENTIFIER = com.sample.WeatherAppUITests;
				PRODUCT_NAME = "$(TARGET_NAME)";
				SWIFT_VERSION = 4.0;
				TARGETED_DEVICE_FAMILY = "1,2";
				TEST_TARGET_NAME = WeatherApp;
			};
			name = Debug;
		};
		6BD70BE22161516800FF3FAB /* Release */ = {
			isa = XCBuildConfiguration;
			buildSettings = {
				ALWAYS_EMBED_SWIFT_STANDARD_LIBRARIES = YES;
				CODE_SIGN_STYLE = Automatic;
				INFOPLIST_FILE = WeatherAppUITests/Info.plist;
				LD_RUNPATH_SEARCH_PATHS = (
					"$(inherited)",
					"@executable_path/Frameworks",
					"@loader_path/Frameworks",
				);
				PRODUCT_BUNDLE_IDENTIFIER = com.sample.WeatherAppUITests;
				PRODUCT_NAME = "$(TARGET_NAME)";
				SWIFT_VERSION = 4.0;
				TARGETED_DEVICE_FAMILY = "1,2";
				TEST_TARGET_NAME = WeatherApp;
			};
			name = Release;
		};
/* End XCBuildConfiguration section */

/* Begin XCConfigurationList section */
		6BD70BAD2161516600FF3FAB /* Build configuration list for PBXProject "WeatherApp" */ = {
			isa = XCConfigurationList;
			buildConfigurations = (
				6BD70BD82161516800FF3FAB /* Debug */,
				6BD70BD92161516800FF3FAB /* Release */,
			);
			defaultConfigurationIsVisible = 0;
			defaultConfigurationName = Release;
		};
		6BD70BDA2161516800FF3FAB /* Build configuration list for PBXNativeTarget "WeatherApp" */ = {
			isa = XCConfigurationList;
			buildConfigurations = (
				6BD70BDB2161516800FF3FAB /* Debug */,
				6BD70BDC2161516800FF3FAB /* Release */,
			);
			defaultConfigurationIsVisible = 0;
			defaultConfigurationName = Release;
		};
		6BD70BDD2161516800FF3FAB /* Build configuration list for PBXNativeTarget "WeatherAppTests" */ = {
			isa = XCConfigurationList;
			buildConfigurations = (
				6BD70BDE2161516800FF3FAB /* Debug */,
				6BD70BDF2161516800FF3FAB /* Release */,
			);
			defaultConfigurationIsVisible = 0;
			defaultConfigurationName = Release;
		};
		6BD70BE02161516800FF3FAB /* Build configuration list for PBXNativeTarget "WeatherAppUITests" */ = {
			isa = XCConfigurationList;
			buildConfigurations = (
				6BD70BE12161516800FF3FAB /* Debug */,
				6BD70BE22161516800FF3FAB /* Release */,
			);
			defaultConfigurationIsVisible = 0;
			defaultConfigurationName = Release;
		};
/* End XCConfigurationList section */
	};
	rootObject = 6BD70BAA2161516600FF3FAB /* Project object */;
}
